
Microsoft Visual Studio Solution File, Format Version 12.00
# Visual Studio Version 16
VisualStudioVersion = 16.0.28315.86
MinimumVisualStudioVersion = 10.0.40219.1
Project("{2150E333-8FDC-42A3-9474-1A3956D46DE8}") = "Engine", "Engine", "{563AEF23-4F5D-48EF-8733-5891FE4B71E7}"
EndProject
Project("{2150E333-8FDC-42A3-9474-1A3956D46DE8}") = "Games", "Games", "{2338CEB9-64AC-49BA-A892-B224D3005773}"
EndProject
Project("{8BC9CEB8-8B4A-11D0-8D11-00A0C91BC942}") = "UE4", "Intermediate\ProjectFiles\UE4.vcxproj", "{9194A2FE-24F9-454A-8A32-0B79FA8F5639}"
EndProject
Project("{8BC9CEB8-8B4A-11D0-8D11-00A0C91BC942}") = "TurnRoll", "Intermediate\ProjectFiles\TurnRoll.vcxproj", "{F095D858-39E4-4D73-8EB9-7955CB95DBDD}"
EndProject
Project("{2150E333-8FDC-42A3-9474-1A3956D46DE8}") = "Visualizers", "Visualizers", "{587DCC77-F9C5-4300-81E2-3165488CFFA8}"
	ProjectSection(SolutionItems) = preProject
		..\..\..\..\..\Program Files\Epic Games\UE_4.22\Engine\Extras\VisualStudioDebugging\UE4.natvis = ..\..\..\..\..\Program Files\Epic Games\UE_4.22\Engine\Extras\VisualStudioDebugging\UE4.natvis
	EndProjectSection
EndProject
Global
	GlobalSection(SolutionConfigurationPlatforms) = preSolution
		DebugGame Editor|Android = DebugGame Editor|Android
		DebugGame Editor|HTML5 = DebugGame Editor|HTML5
		DebugGame Editor|IOS = DebugGame Editor|IOS
		DebugGame Editor|Win32 = DebugGame Editor|Win32
		DebugGame Editor|Win64 = DebugGame Editor|Win64
		DebugGame|Android = DebugGame|Android
		DebugGame|HTML5 = DebugGame|HTML5
		DebugGame|IOS = DebugGame|IOS
		DebugGame|Win32 = DebugGame|Win32
		DebugGame|Win64 = DebugGame|Win64
		Development Editor|Android = Development Editor|Android
		Development Editor|HTML5 = Development Editor|HTML5
		Development Editor|IOS = Development Editor|IOS
		Development Editor|Win32 = Development Editor|Win32
		Development Editor|Win64 = Development Editor|Win64
		Development|Android = Development|Android
		Development|HTML5 = Development|HTML5
		Development|IOS = Development|IOS
		Development|Win32 = Development|Win32
		Development|Win64 = Development|Win64
		Shipping|Android = Shipping|Android
		Shipping|HTML5 = Shipping|HTML5
		Shipping|IOS = Shipping|IOS
		Shipping|Win32 = Shipping|Win32
		Shipping|Win64 = Shipping|Win64
	EndGlobalSection
	GlobalSection(ProjectConfigurationPlatforms) = postSolution
		{9194A2FE-24F9-454A-8A32-0B79FA8F5639}.DebugGame Editor|Android.ActiveCfg = BuiltWithUnrealBuildTool|Win32
		{9194A2FE-24F9-454A-8A32-0B79FA8F5639}.DebugGame Editor|HTML5.ActiveCfg = BuiltWithUnrealBuildTool|Win32
		{9194A2FE-24F9-454A-8A32-0B79FA8F5639}.DebugGame Editor|IOS.ActiveCfg = BuiltWithUnrealBuildTool|Win32
		{9194A2FE-24F9-454A-8A32-0B79FA8F5639}.DebugGame Editor|Win32.ActiveCfg = BuiltWithUnrealBuildTool|Win32
		{9194A2FE-24F9-454A-8A32-0B79FA8F5639}.DebugGame Editor|Win64.ActiveCfg = BuiltWithUnrealBuildTool|Win32
		{9194A2FE-24F9-454A-8A32-0B79FA8F5639}.DebugGame|Android.ActiveCfg = BuiltWithUnrealBuildTool|Win32
		{9194A2FE-24F9-454A-8A32-0B79FA8F5639}.DebugGame|HTML5.ActiveCfg = BuiltWithUnrealBuildTool|Win32
		{9194A2FE-24F9-454A-8A32-0B79FA8F5639}.DebugGame|IOS.ActiveCfg = BuiltWithUnrealBuildTool|Win32
		{9194A2FE-24F9-454A-8A32-0B79FA8F5639}.DebugGame|Win32.ActiveCfg = BuiltWithUnrealBuildTool|Win32
		{9194A2FE-24F9-454A-8A32-0B79FA8F5639}.DebugGame|Win64.ActiveCfg = BuiltWithUnrealBuildTool|Win32
		{9194A2FE-24F9-454A-8A32-0B79FA8F5639}.Development Editor|Android.ActiveCfg = BuiltWithUnrealBuildTool|Win32
		{9194A2FE-24F9-454A-8A32-0B79FA8F5639}.Development Editor|HTML5.ActiveCfg = BuiltWithUnrealBuildTool|Win32
		{9194A2FE-24F9-454A-8A32-0B79FA8F5639}.Development Editor|IOS.ActiveCfg = BuiltWithUnrealBuildTool|Win32
		{9194A2FE-24F9-454A-8A32-0B79FA8F5639}.Development Editor|Win32.ActiveCfg = BuiltWithUnrealBuildTool|Win32
		{9194A2FE-24F9-454A-8A32-0B79FA8F5639}.Development Editor|Win64.ActiveCfg = BuiltWithUnrealBuildTool|Win32
		{9194A2FE-24F9-454A-8A32-0B79FA8F5639}.Development|Android.ActiveCfg = BuiltWithUnrealBuildTool|Win32
		{9194A2FE-24F9-454A-8A32-0B79FA8F5639}.Development|HTML5.ActiveCfg = BuiltWithUnrealBuildTool|Win32
		{9194A2FE-24F9-454A-8A32-0B79FA8F5639}.Development|IOS.ActiveCfg = BuiltWithUnrealBuildTool|Win32
		{9194A2FE-24F9-454A-8A32-0B79FA8F5639}.Development|Win32.ActiveCfg = BuiltWithUnrealBuildTool|Win32
		{9194A2FE-24F9-454A-8A32-0B79FA8F5639}.Development|Win64.ActiveCfg = BuiltWithUnrealBuildTool|Win32
		{9194A2FE-24F9-454A-8A32-0B79FA8F5639}.Shipping|Android.ActiveCfg = BuiltWithUnrealBuildTool|Win32
		{9194A2FE-24F9-454A-8A32-0B79FA8F5639}.Shipping|HTML5.ActiveCfg = BuiltWithUnrealBuildTool|Win32
		{9194A2FE-24F9-454A-8A32-0B79FA8F5639}.Shipping|IOS.ActiveCfg = BuiltWithUnrealBuildTool|Win32
		{9194A2FE-24F9-454A-8A32-0B79FA8F5639}.Shipping|Win32.ActiveCfg = BuiltWithUnrealBuildTool|Win32
		{9194A2FE-24F9-454A-8A32-0B79FA8F5639}.Shipping|Win64.ActiveCfg = BuiltWithUnrealBuildTool|Win32
		{F095D858-39E4-4D73-8EB9-7955CB95DBDD}.DebugGame Editor|Android.ActiveCfg = Invalid|Win32
		{F095D858-39E4-4D73-8EB9-7955CB95DBDD}.DebugGame Editor|HTML5.ActiveCfg = Invalid|Win32
		{F095D858-39E4-4D73-8EB9-7955CB95DBDD}.DebugGame Editor|IOS.ActiveCfg = Invalid|Win32
		{F095D858-39E4-4D73-8EB9-7955CB95DBDD}.DebugGame Editor|Win32.ActiveCfg = Invalid|Win32
		{F095D858-39E4-4D73-8EB9-7955CB95DBDD}.DebugGame Editor|Win64.ActiveCfg = DebugGame_Editor|x64
		{F095D858-39E4-4D73-8EB9-7955CB95DBDD}.DebugGame Editor|Win64.Build.0 = DebugGame_Editor|x64
		{F095D858-39E4-4D73-8EB9-7955CB95DBDD}.DebugGame|Android.ActiveCfg = Android_DebugGame|Win32
		{F095D858-39E4-4D73-8EB9-7955CB95DBDD}.DebugGame|Android.Build.0 = Android_DebugGame|Win32
		{F095D858-39E4-4D73-8EB9-7955CB95DBDD}.DebugGame|HTML5.ActiveCfg = HTML5_DebugGame|Win32
		{F095D858-39E4-4D73-8EB9-7955CB95DBDD}.DebugGame|HTML5.Build.0 = HTML5_DebugGame|Win32
		{F095D858-39E4-4D73-8EB9-7955CB95DBDD}.DebugGame|IOS.ActiveCfg = IOS_DebugGame|Win32
		{F095D858-39E4-4D73-8EB9-7955CB95DBDD}.DebugGame|IOS.Build.0 = IOS_DebugGame|Win32
		{F095D858-39E4-4D73-8EB9-7955CB95DBDD}.DebugGame|Win32.ActiveCfg = DebugGame|Win32
		{F095D858-39E4-4D73-8EB9-7955CB95DBDD}.DebugGame|Win32.Build.0 = DebugGame|Win32
		{F095D858-39E4-4D73-8EB9-7955CB95DBDD}.DebugGame|Win64.ActiveCfg = DebugGame|x64
		{F095D858-39E4-4D73-8EB9-7955CB95DBDD}.DebugGame|Win64.Build.0 = DebugGame|x64
		{F095D858-39E4-4D73-8EB9-7955CB95DBDD}.Development Editor|Android.ActiveCfg = Invalid|Win32
		{F095D858-39E4-4D73-8EB9-7955CB95DBDD}.Development Editor|HTML5.ActiveCfg = Invalid|Win32
		{F095D858-39E4-4D73-8EB9-7955CB95DBDD}.Development Editor|IOS.ActiveCfg = Invalid|Win32
		{F095D858-39E4-4D73-8EB9-7955CB95DBDD}.Development Editor|Win32.ActiveCfg = Invalid|Win32
		{F095D858-39E4-4D73-8EB9-7955CB95DBDD}.Development Editor|Win64.ActiveCfg = Development_Editor|x64
		{F095D858-39E4-4D73-8EB9-7955CB95DBDD}.Development Editor|Win64.Build.0 = Development_Editor|x64
		{F095D858-39E4-4D73-8EB9-7955CB95DBDD}.Development|Android.ActiveCfg = Android_Development|Win32
		{F095D858-39E4-4D73-8EB9-7955CB95DBDD}.Development|Android.Build.0 = Android_Development|Win32
		{F095D858-39E4-4D73-8EB9-7955CB95DBDD}.Development|HTML5.ActiveCfg = HTML5_Development|Win32
		{F095D858-39E4-4D73-8EB9-7955CB95DBDD}.Development|HTML5.Build.0 = HTML5_Development|Win32
		{F095D858-39E4-4D73-8EB9-7955CB95DBDD}.Development|IOS.ActiveCfg = IOS_Development|Win32
		{F095D858-39E4-4D73-8EB9-7955CB95DBDD}.Development|IOS.Build.0 = IOS_Development|Win32
		{F095D858-39E4-4D73-8EB9-7955CB95DBDD}.Development|Win32.ActiveCfg = Development|Win32
		{F095D858-39E4-4D73-8EB9-7955CB95DBDD}.Development|Win32.Build.0 = Development|Win32
		{F095D858-39E4-4D73-8EB9-7955CB95DBDD}.Development|Win64.ActiveCfg = Development|x64
		{F095D858-39E4-4D73-8EB9-7955CB95DBDD}.Development|Win64.Build.0 = Development|x64
		{F095D858-39E4-4D73-8EB9-7955CB95DBDD}.Shipping|Android.ActiveCfg = Android_Shipping|Win32
		{F095D858-39E4-4D73-8EB9-7955CB95DBDD}.Shipping|Android.Build.0 = Android_Shipping|Win32
		{F095D858-39E4-4D73-8EB9-7955CB95DBDD}.Shipping|HTML5.ActiveCfg = HTML5_Shipping|Win32
		{F095D858-39E4-4D73-8EB9-7955CB95DBDD}.Shipping|HTML5.Build.0 = HTML5_Shipping|Win32
		{F095D858-39E4-4D73-8EB9-7955CB95DBDD}.Shipping|IOS.ActiveCfg = IOS_Shipping|Win32
		{F095D858-39E4-4D73-8EB9-7955CB95DBDD}.Shipping|IOS.Build.0 = IOS_Shipping|Win32
		{F095D858-39E4-4D73-8EB9-7955CB95DBDD}.Shipping|Win32.ActiveCfg = Shipping|Win32
		{F095D858-39E4-4D73-8EB9-7955CB95DBDD}.Shipping|Win32.Build.0 = Shipping|Win32
		{F095D858-39E4-4D73-8EB9-7955CB95DBDD}.Shipping|Win64.ActiveCfg = Shipping|x64
		{F095D858-39E4-4D73-8EB9-7955CB95DBDD}.Shipping|Win64.Build.0 = Shipping|x64
	EndGlobalSection
	GlobalSection(SolutionProperties) = preSolution
		HideSolutionNode = FALSE
	EndGlobalSection
	GlobalSection(NestedProjects) = preSolution
		{9194A2FE-24F9-454A-8A32-0B79FA8F5639} = {563AEF23-4F5D-48EF-8733-5891FE4B71E7}
		{F095D858-39E4-4D73-8EB9-7955CB95DBDD} = {2338CEB9-64AC-49BA-A892-B224D3005773}
	EndGlobalSection
EndGlobal
